{
  "name": "poo",
  "version": "1.0.0",
  "lockfileVersion": 2,
  "requires": true,
  "packages": {
    "": {
      "name": "poo",
      "version": "1.0.0",
      "license": "ISC",
      "dependencies": {
        "project-name-generator": "^2.1.9",
        "readline-sync": "^1.4.10",
        "redline": "^1.0.1",
        "s-age": "^1.1.2"
      }
    },
    "node_modules/commander": {
      "version": "6.2.1",
      "resolved": "https://registry.npmjs.org/commander/-/commander-6.2.1.tgz",
      "integrity": "sha512-U7VdrJFnJgo4xjrHpTzu0yrHPGImdsmD95ZlgYSEajAn2JKzDhDTPG9kBTefmObL2w/ngeZnilk+OV9CG3d7UA==",
      "engines": {
        "node": ">= 6"
      }
    },
    "node_modules/jquery": {
      "version": "2.2.4",
      "resolved": "https://registry.npmjs.org/jquery/-/jquery-2.2.4.tgz",
      "integrity": "sha512-lBHj60ezci2u1v2FqnZIraShGgEXq35qCzMv4lITyHGppTnA13rwR0MgwyNJh9TnDs3aXUvd1xjAotfraMHX/Q=="
    },
    "node_modules/jquery-bridget": {
      "version": "1.1.0",
      "resolved": "https://registry.npmjs.org/jquery-bridget/-/jquery-bridget-1.1.0.tgz",
      "integrity": "sha512-bCaa6mjKEJsB1nOt2sJ8rlbUGdT1F0eX31h6j6i1DmqHWZeY/5ikU8uHcrl1B3m9DeCy1YFOkhdCIoB3zVXmIQ==",
      "dependencies": {
        "jquery": ">=1.4.2 <3"
      }
    },
    "node_modules/lodash": {
      "version": "4.17.21",
      "resolved": "https://registry.npmjs.org/lodash/-/lodash-4.17.21.tgz",
      "integrity": "sha512-v2kDEe57lecTulaDIuNTPy3Ry4gLGJ6Z1O3vE1krgXZNrsQ+LFTGHVxVjcXPs17LhbZVGedAJv8XZ1tvj5FvSg=="
    },
    "node_modules/project-name-generator": {
      "version": "2.1.9",
      "resolved": "https://registry.npmjs.org/project-name-generator/-/project-name-generator-2.1.9.tgz",
      "integrity": "sha512-QmLHqz2C4VHmAyDEAFlVfnuWAHr4vwZhK2bbm4IrwuHNzNKOdG9b4U+NmQbsm1uOoV4kGWv7+FVLsu7Bb/ieYQ==",
      "dependencies": {
        "commander": "^6.1.0",
        "lodash": "^4.17.20"
      },
      "bin": {
        "project-name-generator": "src/generator-bin.js"
      }
    },
    "node_modules/readline-sync": {
      "version": "1.4.10",
      "resolved": "https://registry.npmjs.org/readline-sync/-/readline-sync-1.4.10.tgz",
      "integrity": "sha512-gNva8/6UAe8QYepIQH/jQ2qn91Qj0B9sYjMBBs3QOB8F2CXcKgLxQaJRP76sWVRQt+QU+8fAkCbCvjjMFu7Ycw==",
      "engines": {
        "node": ">= 0.8.0"
      }
    },
    "node_modules/redline": {
      "version": "1.0.1",
      "resolved": "https://registry.npmjs.org/redline/-/redline-1.0.1.tgz",
      "integrity": "sha512-13lGxf2cPQKHsiIi6FZOjzcSKZTYjIQb1WyDHbfCmxwLd4DDd3laSjqCnPK+FJG7mXwMSG5sQPmoN+e7qyumzg==",
      "dependencies": {
        "jquery-bridget": "^1.1.0"
      }
    },
    "node_modules/s-age": {
      "version": "1.1.2",
      "resolved": "https://registry.npmjs.org/s-age/-/s-age-1.1.2.tgz",
      "integrity": "sha512-aSN2TlF39WLoZA/6cgYSJZhKt63kJ4EaadejPWjWY9/h4rksIqvfWY3gfd+3uAegSM1IXsA9aWeEhJtkxkFQtA=="
    }
  },
  "dependencies": {
    "commander": {
      "version": "6.2.1",
      "resolved": "https://registry.npmjs.org/commander/-/commander-6.2.1.tgz",
      "integrity": "sha512-U7VdrJFnJgo4xjrHpTzu0yrHPGImdsmD95ZlgYSEajAn2JKzDhDTPG9kBTefmObL2w/ngeZnilk+OV9CG3d7UA=="
    },
    "jquery": {
      "version": "2.2.4",
      "resolved": "https://registry.npmjs.org/jquery/-/jquery-2.2.4.tgz",
      "integrity": "sha512-lBHj60ezci2u1v2FqnZIraShGgEXq35qCzMv4lITyHGppTnA13rwR0MgwyNJh9TnDs3aXUvd1xjAotfraMHX/Q=="
    },
    "jquery-bridget": {
      "version": "1.1.0",
      "resolved": "https://registry.npmjs.org/jquery-bridget/-/jquery-bridget-1.1.0.tgz",
      "integrity": "sha512-bCaa6mjKEJsB1nOt2sJ8rlbUGdT1F0eX31h6j6i1DmqHWZeY/5ikU8uHcrl1B3m9DeCy1YFOkhdCIoB3zVXmIQ==",
      "requires": {
        "jquery": ">=1.4.2 <3"
      }
    },
    "lodash": {
      "version": "4.17.21",
      "resolved": "https://registry.npmjs.org/lodash/-/lodash-4.17.21.tgz",
      "integrity": "sha512-v2kDEe57lecTulaDIuNTPy3Ry4gLGJ6Z1O3vE1krgXZNrsQ+LFTGHVxVjcXPs17LhbZVGedAJv8XZ1tvj5FvSg=="
    },
    "project-name-generator": {
      "version": "2.1.9",
      "resolved": "https://registry.npmjs.org/project-name-generator/-/project-name-generator-2.1.9.tgz",
      "integrity": "sha512-QmLHqz2C4VHmAyDEAFlVfnuWAHr4vwZhK2bbm4IrwuHNzNKOdG9b4U+NmQbsm1uOoV4kGWv7+FVLsu7Bb/ieYQ==",
      "requires": {
        "commander": "^6.1.0",
        "lodash": "^4.17.20"
      }
    },
    "readline-sync": {
      "version": "1.4.10",
      "resolved": "https://registry.npmjs.org/readline-sync/-/readline-sync-1.4.10.tgz",
      "integrity": "sha512-gNva8/6UAe8QYepIQH/jQ2qn91Qj0B9sYjMBBs3QOB8F2CXcKgLxQaJRP76sWVRQt+QU+8fAkCbCvjjMFu7Ycw=="
    },
    "redline": {
      "version": "1.0.1",
      "resolved": "https://registry.npmjs.org/redline/-/redline-1.0.1.tgz",
      "integrity": "sha512-13lGxf2cPQKHsiIi6FZOjzcSKZTYjIQb1WyDHbfCmxwLd4DDd3laSjqCnPK+FJG7mXwMSG5sQPmoN+e7qyumzg==",
      "requires": {
        "jquery-bridget": "^1.1.0"
      }
    },
    "s-age": {
      "version": "1.1.2",
      "resolved": "https://registry.npmjs.org/s-age/-/s-age-1.1.2.tgz",
      "integrity": "sha512-aSN2TlF39WLoZA/6cgYSJZhKt63kJ4EaadejPWjWY9/h4rksIqvfWY3gfd+3uAegSM1IXsA9aWeEhJtkxkFQtA=="
    }
  }
}
